
Microsoft Visual Studio Solution File, Format Version 12.00
# Visual Studio 14
VisualStudioVersion = 14.0.22512.0
MinimumVisualStudioVersion = 10.0.40219.1
Project("{8BB2217D-0F2D-49D1-97BC-3654ED321F3B}") = "_2GisApi", "2GisApi\_2GisApi.kproj", "{3BDF12F6-761F-4EA6-B298-F810BBCC2A38}"
EndProject
Global
	GlobalSection(SolutionConfigurationPlatforms) = preSolution
		Debug|Any CPU = Debug|Any CPU
		Release|Any CPU = Release|Any CPU
	EndGlobalSection
	GlobalSection(ProjectConfigurationPlatforms) = postSolution
		{3BDF12F6-761F-4EA6-B298-F810BBCC2A38}.Debug|Any CPU.ActiveCfg = Debug|Any CPU
		{3BDF12F6-761F-4EA6-B298-F810BBCC2A38}.Debug|Any CPU.Build.0 = Debug|Any CPU
		{3BDF12F6-761F-4EA6-B298-F810BBCC2A38}.Release|Any CPU.ActiveCfg = Release|Any CPU
		{3BDF12F6-761F-4EA6-B298-F810BBCC2A38}.Release|Any CPU.Build.0 = Release|Any CPU
	EndGlobalSection
	GlobalSection(SolutionProperties) = preSolution
		HideSolutionNode = FALSE
	EndGlobalSection
EndGlobal
